Microsoft Visual Studio Solution File, Format Version 12.00
# Visual Studio 2015
Project("{2150E333-8FDC-42A3-9474-1A3956D46DE8}") = "(crash_generation)", "..\..\..\tools\gyp\crash_generation", "{71054F76-E083-ED71-B3F9-3E9B872F3E9E}"
EndProject
Project("{2150E333-8FDC-42A3-9474-1A3956D46DE8}") = "(handler)", "..\..\..\tools\gyp\handler", "{07BF0989-2B77-D3C5-75FC-813F97B41E10}"
EndProject
Project("{2150E333-8FDC-42A3-9474-1A3956D46DE8}") = "(unittests)", "..\..\..\tools\gyp\unittests", "{68226F18-FA06-3EDF-C4A9-C8979D6B14D5}"
EndProject
Project("{8BC9CEB8-8B4A-11D0-8D11-00A0C91BC942}") = "client_tests", "client_tests.vcxproj", "{B1B45877-40CD-0ED2-9B4F-A1DE46D3093E}"
	ProjectSection(ProjectDependencies) = postProject
		{63A06EE6-F15B-6D0B-6F9D-EDE1D2F136C6} = {63A06EE6-F15B-6D0B-6F9D-EDE1D2F136C6}
		{8BAE12DF-F41A-D7A5-1267-E707C73CFE96} = {8BAE12DF-F41A-D7A5-1267-E707C73CFE96}
		{3F0927D0-A340-500F-D154-460869A16005} = {3F0927D0-A340-500F-D154-460869A16005}
		{1C445187-A81E-9D2C-B222-75B6F1B39DA0} = {1C445187-A81E-9D2C-B222-75B6F1B39DA0}
		{3CCBE59D-D085-6632-D1D0-7CCF43FDBAED} = {3CCBE59D-D085-6632-D1D0-7CCF43FDBAED}
		{CC0AA23A-824D-54F1-E891-A44828FD4C8A} = {CC0AA23A-824D-54F1-E891-A44828FD4C8A}
		{887F6910-94DA-378B-1AD5-586624F09140} = {887F6910-94DA-378B-1AD5-586624F09140}
	EndProjectSection
EndProject
Project("{8BC9CEB8-8B4A-11D0-8D11-00A0C91BC942}") = "common", "..\common.vcxproj", "{3F0927D0-A340-500F-D154-460869A16005}"
EndProject
Project("{8BC9CEB8-8B4A-11D0-8D11-00A0C91BC942}") = "crash_generation_client", "..\crash_generation\crash_generation_client.vcxproj", "{3CCBE59D-D085-6632-D1D0-7CCF43FDBAED}"
EndProject
Project("{8BC9CEB8-8B4A-11D0-8D11-00A0C91BC942}") = "crash_generation_server", "..\crash_generation\crash_generation_server.vcxproj", "{1C445187-A81E-9D2C-B222-75B6F1B39DA0}"
EndProject
Project("{8BC9CEB8-8B4A-11D0-8D11-00A0C91BC942}") = "exception_handler", "..\handler\exception_handler.vcxproj", "{CC0AA23A-824D-54F1-E891-A44828FD4C8A}"
EndProject
Project("{8BC9CEB8-8B4A-11D0-8D11-00A0C91BC942}") = "gmock", "gmock.vcxproj", "{8BAE12DF-F41A-D7A5-1267-E707C73CFE96}"
EndProject
Project("{8BC9CEB8-8B4A-11D0-8D11-00A0C91BC942}") = "gtest", "gtest.vcxproj", "{63A06EE6-F15B-6D0B-6F9D-EDE1D2F136C6}"
EndProject
Project("{8BC9CEB8-8B4A-11D0-8D11-00A0C91BC942}") = "processor_bits", "processor_bits.vcxproj", "{887F6910-94DA-378B-1AD5-586624F09140}"
EndProject
Global
	GlobalSection(SolutionConfigurationPlatforms) = preSolution
		Debug|Win32 = Debug|Win32
		Release|x64 = Release|x64
		Purify|Win32 = Purify|Win32
		Purify|x64 = Purify|x64
		Debug|x64 = Debug|x64
		Release|Win32 = Release|Win32
	EndGlobalSection
	GlobalSection(ProjectConfigurationPlatforms) = postSolution
		{1C445187-A81E-9D2C-B222-75B6F1B39DA0}.Debug|Win32.ActiveCfg = Debug|Win32
		{1C445187-A81E-9D2C-B222-75B6F1B39DA0}.Debug|Win32.Build.0 = Debug|Win32
		{1C445187-A81E-9D2C-B222-75B6F1B39DA0}.Release|x64.ActiveCfg = Release|x64
		{1C445187-A81E-9D2C-B222-75B6F1B39DA0}.Release|x64.Build.0 = Release|x64
		{1C445187-A81E-9D2C-B222-75B6F1B39DA0}.Purify|Win32.ActiveCfg = Purify|Win32
		{1C445187-A81E-9D2C-B222-75B6F1B39DA0}.Purify|Win32.Build.0 = Purify|Win32
		{1C445187-A81E-9D2C-B222-75B6F1B39DA0}.Purify|x64.ActiveCfg = Purify|x64
		{1C445187-A81E-9D2C-B222-75B6F1B39DA0}.Purify|x64.Build.0 = Purify|x64
		{1C445187-A81E-9D2C-B222-75B6F1B39DA0}.Debug|x64.ActiveCfg = Debug|x64
		{1C445187-A81E-9D2C-B222-75B6F1B39DA0}.Debug|x64.Build.0 = Debug|x64
		{1C445187-A81E-9D2C-B222-75B6F1B39DA0}.Release|Win32.ActiveCfg = Release|Win32
		{1C445187-A81E-9D2C-B222-75B6F1B39DA0}.Release|Win32.Build.0 = Release|Win32
		{3CCBE59D-D085-6632-D1D0-7CCF43FDBAED}.Debug|Win32.ActiveCfg = Debug|Win32
		{3CCBE59D-D085-6632-D1D0-7CCF43FDBAED}.Debug|Win32.Build.0 = Debug|Win32
		{3CCBE59D-D085-6632-D1D0-7CCF43FDBAED}.Release|x64.ActiveCfg = Release|x64
		{3CCBE59D-D085-6632-D1D0-7CCF43FDBAED}.Release|x64.Build.0 = Release|x64
		{3CCBE59D-D085-6632-D1D0-7CCF43FDBAED}.Purify|Win32.ActiveCfg = Purify|Win32
		{3CCBE59D-D085-6632-D1D0-7CCF43FDBAED}.Purify|Win32.Build.0 = Purify|Win32
		{3CCBE59D-D085-6632-D1D0-7CCF43FDBAED}.Purify|x64.ActiveCfg = Purify|x64
		{3CCBE59D-D085-6632-D1D0-7CCF43FDBAED}.Purify|x64.Build.0 = Purify|x64
		{3CCBE59D-D085-6632-D1D0-7CCF43FDBAED}.Debug|x64.ActiveCfg = Debug|x64
		{3CCBE59D-D085-6632-D1D0-7CCF43FDBAED}.Debug|x64.Build.0 = Debug|x64
		{3CCBE59D-D085-6632-D1D0-7CCF43FDBAED}.Release|Win32.ActiveCfg = Release|Win32
		{3CCBE59D-D085-6632-D1D0-7CCF43FDBAED}.Release|Win32.Build.0 = Release|Win32
		{3F0927D0-A340-500F-D154-460869A16005}.Debug|Win32.ActiveCfg = Debug|Win32
		{3F0927D0-A340-500F-D154-460869A16005}.Debug|Win32.Build.0 = Debug|Win32
		{3F0927D0-A340-500F-D154-460869A16005}.Release|x64.ActiveCfg = Release|x64
		{3F0927D0-A340-500F-D154-460869A16005}.Release|x64.Build.0 = Release|x64
		{3F0927D0-A340-500F-D154-460869A16005}.Purify|Win32.ActiveCfg = Purify|Win32
		{3F0927D0-A340-500F-D154-460869A16005}.Purify|Win32.Build.0 = Purify|Win32
		{3F0927D0-A340-500F-D154-460869A16005}.Purify|x64.ActiveCfg = Purify|x64
		{3F0927D0-A340-500F-D154-460869A16005}.Purify|x64.Build.0 = Purify|x64
		{3F0927D0-A340-500F-D154-460869A16005}.Debug|x64.ActiveCfg = Debug|x64
		{3F0927D0-A340-500F-D154-460869A16005}.Debug|x64.Build.0 = Debug|x64
		{3F0927D0-A340-500F-D154-460869A16005}.Release|Win32.ActiveCfg = Release|Win32
		{3F0927D0-A340-500F-D154-460869A16005}.Release|Win32.Build.0 = Release|Win32
		{63A06EE6-F15B-6D0B-6F9D-EDE1D2F136C6}.Debug|Win32.ActiveCfg = Debug|Win32
		{63A06EE6-F15B-6D0B-6F9D-EDE1D2F136C6}.Debug|Win32.Build.0 = Debug|Win32
		{63A06EE6-F15B-6D0B-6F9D-EDE1D2F136C6}.Release|x64.ActiveCfg = Release|x64
		{63A06EE6-F15B-6D0B-6F9D-EDE1D2F136C6}.Release|x64.Build.0 = Release|x64
		{63A06EE6-F15B-6D0B-6F9D-EDE1D2F136C6}.Purify|Win32.ActiveCfg = Purify|Win32
		{63A06EE6-F15B-6D0B-6F9D-EDE1D2F136C6}.Purify|Win32.Build.0 = Purify|Win32
		{63A06EE6-F15B-6D0B-6F9D-EDE1D2F136C6}.Purify|x64.ActiveCfg = Purify|x64
		{63A06EE6-F15B-6D0B-6F9D-EDE1D2F136C6}.Purify|x64.Build.0 = Purify|x64
		{63A06EE6-F15B-6D0B-6F9D-EDE1D2F136C6}.Debug|x64.ActiveCfg = Debug|x64
		{63A06EE6-F15B-6D0B-6F9D-EDE1D2F136C6}.Debug|x64.Build.0 = Debug|x64
		{63A06EE6-F15B-6D0B-6F9D-EDE1D2F136C6}.Release|Win32.ActiveCfg = Release|Win32
		{63A06EE6-F15B-6D0B-6F9D-EDE1D2F136C6}.Release|Win32.Build.0 = Release|Win32
		{887F6910-94DA-378B-1AD5-586624F09140}.Debug|Win32.ActiveCfg = Debug|Win32
		{887F6910-94DA-378B-1AD5-586624F09140}.Debug|Win32.Build.0 = Debug|Win32
		{887F6910-94DA-378B-1AD5-586624F09140}.Release|x64.ActiveCfg = Release|x64
		{887F6910-94DA-378B-1AD5-586624F09140}.Release|x64.Build.0 = Release|x64
		{887F6910-94DA-378B-1AD5-586624F09140}.Purify|Win32.ActiveCfg = Purify|Win32
		{887F6910-94DA-378B-1AD5-586624F09140}.Purify|Win32.Build.0 = Purify|Win32
		{887F6910-94DA-378B-1AD5-586624F09140}.Purify|x64.ActiveCfg = Purify|x64
		{887F6910-94DA-378B-1AD5-586624F09140}.Purify|x64.Build.0 = Purify|x64
		{887F6910-94DA-378B-1AD5-586624F09140}.Debug|x64.ActiveCfg = Debug|x64
		{887F6910-94DA-378B-1AD5-586624F09140}.Debug|x64.Build.0 = Debug|x64
		{887F6910-94DA-378B-1AD5-586624F09140}.Release|Win32.ActiveCfg = Release|Win32
		{887F6910-94DA-378B-1AD5-586624F09140}.Release|Win32.Build.0 = Release|Win32
		{8BAE12DF-F41A-D7A5-1267-E707C73CFE96}.Debug|Win32.ActiveCfg = Debug|Win32
		{8BAE12DF-F41A-D7A5-1267-E707C73CFE96}.Debug|Win32.Build.0 = Debug|Win32
		{8BAE12DF-F41A-D7A5-1267-E707C73CFE96}.Release|x64.ActiveCfg = Release|x64
		{8BAE12DF-F41A-D7A5-1267-E707C73CFE96}.Release|x64.Build.0 = Release|x64
		{8BAE12DF-F41A-D7A5-1267-E707C73CFE96}.Purify|Win32.ActiveCfg = Purify|Win32
		{8BAE12DF-F41A-D7A5-1267-E707C73CFE96}.Purify|Win32.Build.0 = Purify|Win32
		{8BAE12DF-F41A-D7A5-1267-E707C73CFE96}.Purify|x64.ActiveCfg = Purify|x64
		{8BAE12DF-F41A-D7A5-1267-E707C73CFE96}.Purify|x64.Build.0 = Purify|x64
		{8BAE12DF-F41A-D7A5-1267-E707C73CFE96}.Debug|x64.ActiveCfg = Debug|x64
		{8BAE12DF-F41A-D7A5-1267-E707C73CFE96}.Debug|x64.Build.0 = Debug|x64
		{8BAE12DF-F41A-D7A5-1267-E707C73CFE96}.Release|Win32.ActiveCfg = Release|Win32
		{8BAE12DF-F41A-D7A5-1267-E707C73CFE96}.Release|Win32.Build.0 = Release|Win32
		{B1B45877-40CD-0ED2-9B4F-A1DE46D3093E}.Debug|Win32.ActiveCfg = Debug|Win32
		{B1B45877-40CD-0ED2-9B4F-A1DE46D3093E}.Debug|Win32.Build.0 = Debug|Win32
		{B1B45877-40CD-0ED2-9B4F-A1DE46D3093E}.Release|x64.ActiveCfg = Release|x64
		{B1B45877-40CD-0ED2-9B4F-A1DE46D3093E}.Release|x64.Build.0 = Release|x64
		{B1B45877-40CD-0ED2-9B4F-A1DE46D3093E}.Purify|Win32.ActiveCfg = Purify|Win32
		{B1B45877-40CD-0ED2-9B4F-A1DE46D3093E}.Purify|Win32.Build.0 = Purify|Win32
		{B1B45877-40CD-0ED2-9B4F-A1DE46D3093E}.Purify|x64.ActiveCfg = Purify|x64
		{B1B45877-40CD-0ED2-9B4F-A1DE46D3093E}.Purify|x64.Build.0 = Purify|x64
		{B1B45877-40CD-0ED2-9B4F-A1DE46D3093E}.Debug|x64.ActiveCfg = Debug|x64
		{B1B45877-40CD-0ED2-9B4F-A1DE46D3093E}.Debug|x64.Build.0 = Debug|x64
		{B1B45877-40CD-0ED2-9B4F-A1DE46D3093E}.Release|Win32.ActiveCfg = Release|Win32
		{B1B45877-40CD-0ED2-9B4F-A1DE46D3093E}.Release|Win32.Build.0 = Release|Win32
		{CC0AA23A-824D-54F1-E891-A44828FD4C8A}.Debug|Win32.ActiveCfg = Debug|Win32
		{CC0AA23A-824D-54F1-E891-A44828FD4C8A}.Debug|Win32.Build.0 = Debug|Win32
		{CC0AA23A-824D-54F1-E891-A44828FD4C8A}.Release|x64.ActiveCfg = Release|x64
		{CC0AA23A-824D-54F1-E891-A44828FD4C8A}.Release|x64.Build.0 = Release|x64
		{CC0AA23A-824D-54F1-E891-A44828FD4C8A}.Purify|Win32.ActiveCfg = Purify|Win32
		{CC0AA23A-824D-54F1-E891-A44828FD4C8A}.Purify|Win32.Build.0 = Purify|Win32
		{CC0AA23A-824D-54F1-E891-A44828FD4C8A}.Purify|x64.ActiveCfg = Purify|x64
		{CC0AA23A-824D-54F1-E891-A44828FD4C8A}.Purify|x64.Build.0 = Purify|x64
		{CC0AA23A-824D-54F1-E891-A44828FD4C8A}.Debug|x64.ActiveCfg = Debug|x64
		{CC0AA23A-824D-54F1-E891-A44828FD4C8A}.Debug|x64.Build.0 = Debug|x64
		{CC0AA23A-824D-54F1-E891-A44828FD4C8A}.Release|Win32.ActiveCfg = Release|Win32
		{CC0AA23A-824D-54F1-E891-A44828FD4C8A}.Release|Win32.Build.0 = Release|Win32
	EndGlobalSection
	GlobalSection(SolutionProperties) = preSolution
		HideSolutionNode = FALSE
	EndGlobalSection
	GlobalSection(NestedProjects) = preSolution
		{3CCBE59D-D085-6632-D1D0-7CCF43FDBAED} = {71054F76-E083-ED71-B3F9-3E9B872F3E9E}
		{1C445187-A81E-9D2C-B222-75B6F1B39DA0} = {71054F76-E083-ED71-B3F9-3E9B872F3E9E}
		{CC0AA23A-824D-54F1-E891-A44828FD4C8A} = {07BF0989-2B77-D3C5-75FC-813F97B41E10}
		{B1B45877-40CD-0ED2-9B4F-A1DE46D3093E} = {68226F18-FA06-3EDF-C4A9-C8979D6B14D5}
		{8BAE12DF-F41A-D7A5-1267-E707C73CFE96} = {68226F18-FA06-3EDF-C4A9-C8979D6B14D5}
		{63A06EE6-F15B-6D0B-6F9D-EDE1D2F136C6} = {68226F18-FA06-3EDF-C4A9-C8979D6B14D5}
		{887F6910-94DA-378B-1AD5-586624F09140} = {68226F18-FA06-3EDF-C4A9-C8979D6B14D5}
	EndGlobalSection
EndGlobal
